// !$*UTF8*$!
{
	archiveVersion = 1;
	classes = {
	};
	objectVersion = 52;
	objects = {

/* Begin PBXBuildFile section */
		BD31652B26041EC400A26612 /* Alamofire in Frameworks */ = {isa = PBXBuildFile; productRef = BD31652A26041EC400A26612 /* Alamofire */; };
		BD51BFD5261695BD00AB4534 /* CRCModel.swift in Sources */ = {isa = PBXBuildFile; fileRef = BD51BFD4261695BD00AB4534 /* CRCModel.swift */; };
		BDAC288125F5CC6D0047DFF8 /* AppDelegate.swift in Sources */ = {isa = PBXBuildFile; fileRef = BDAC288025F5CC6D0047DFF8 /* AppDelegate.swift */; };
		BDAC288325F5CC6D0047DFF8 /* SceneDelegate.swift in Sources */ = {isa = PBXBuildFile; fileRef = BDAC288225F5CC6D0047DFF8 /* SceneDelegate.swift */; };
		BDAC288525F5CC6D0047DFF8 /* ViewController.swift in Sources */ = {isa = PBXBuildFile; fileRef = BDAC288425F5CC6D0047DFF8 /* ViewController.swift */; };
		BDAC288825F5CC6D0047DFF8 /* Main.storyboard in Resources */ = {isa = PBXBuildFile; fileRef = BDAC288625F5CC6D0047DFF8 /* Main.storyboard */; };
		BDAC288A25F5CC6E0047DFF8 /* Assets.xcassets in Resources */ = {isa = PBXBuildFile; fileRef = BDAC288925F5CC6E0047DFF8 /* Assets.xcassets */; };
		BDAC288D25F5CC6E0047DFF8 /* LaunchScreen.storyboard in Resources */ = {isa = PBXBuildFile; fileRef = BDAC288B25F5CC6E0047DFF8 /* LaunchScreen.storyboard */; };
/* End PBXBuildFile section */

/* Begin PBXFileReference section */
		BD51BFD4261695BD00AB4534 /* CRCModel.swift */ = {isa = PBXFileReference; lastKnownFileType = sourcecode.swift; path = CRCModel.swift; sourceTree = "<group>"; };
		BDAC287D25F5CC6D0047DFF8 /* C.R.C.app */ = {isa = PBXFileReference; explicitFileType = wrapper.application; includeInIndex = 0; path = C.R.C.app; sourceTree = BUILT_PRODUCTS_DIR; };
		BDAC288025F5CC6D0047DFF8 /* AppDelegate.swift */ = {isa = PBXFileReference; lastKnownFileType = sourcecode.swift; path = AppDelegate.swift; sourceTree = "<group>"; };
		BDAC288225F5CC6D0047DFF8 /* SceneDelegate.swift */ = {isa = PBXFileReference; lastKnownFileType = sourcecode.swift; path = SceneDelegate.swift; sourceTree = "<group>"; };
		BDAC288425F5CC6D0047DFF8 /* ViewController.swift */ = {isa = PBXFileReference; lastKnownFileType = sourcecode.swift; path = ViewController.swift; sourceTree = "<group>"; };
		BDAC288725F5CC6D0047DFF8 /* Base */ = {isa = PBXFileReference; lastKnownFileType = file.storyboard; name = Base; path = Base.lproj/Main.storyboard; sourceTree = "<group>"; };
		BDAC288925F5CC6E0047DFF8 /* Assets.xcassets */ = {isa = PBXFileReference; lastKnownFileType = folder.assetcatalog; path = Assets.xcassets; sourceTree = "<group>"; };
		BDAC288C25F5CC6E0047DFF8 /* Base */ = {isa = PBXFileReference; lastKnownFileType = file.storyboard; name = Base; path = Base.lproj/LaunchScreen.storyboard; sourceTree = "<group>"; };
		BDAC288E25F5CC6E0047DFF8 /* Info.plist */ = {isa = PBXFileReference; lastKnownFileType = text.plist.xml; path = Info.plist; sourceTree = "<group>"; };
/* End PBXFileReference section */

/* Begin PBXFrameworksBuildPhase section */
		BDAC287A25F5CC6D0047DFF8 /* Frameworks */ = {
			isa = PBXFrameworksBuildPhase;
			buildActionMask = 2147483647;
			files = (
				BD31652B26041EC400A26612 /* Alamofire in Frameworks */,
			);
			runOnlyForDeploymentPostprocessing = 0;
		};
/* End PBXFrameworksBuildPhase section */

/* Begin PBXGroup section */
		BDAC287425F5CC6D0047DFF8 = {
			isa = PBXGroup;
			children = (
				BDAC287F25F5CC6D0047DFF8 /* C.R.C */,
				BDAC287E25F5CC6D0047DFF8 /* Products */,
			);
			sourceTree = "<group>";
		};
		BDAC287E25F5CC6D0047DFF8 /* Products */ = {
			isa = PBXGroup;
			children = (
				BDAC287D25F5CC6D0047DFF8 /* C.R.C.app */,
			);
			name = Products;
			sourceTree = "<group>";
		};
		BDAC287F25F5CC6D0047DFF8 /* C.R.C */ = {
			isa = PBXGroup;
			children = (
				BDAC288025F5CC6D0047DFF8 /* AppDelegate.swift */,
				BDAC288225F5CC6D0047DFF8 /* SceneDelegate.swift */,
				BDAC288425F5CC6D0047DFF8 /* ViewController.swift */,
				BDAC288625F5CC6D0047DFF8 /* Main.storyboard */,
				BDAC288925F5CC6E0047DFF8 /* Assets.xcassets */,
				BDAC288B25F5CC6E0047DFF8 /* LaunchScreen.storyboard */,
				BDAC288E25F5CC6E0047DFF8 /* Info.plist */,
				BD51BFD4261695BD00AB4534 /* CRCModel.swift */,
			);
			path = C.R.C;
			sourceTree = "<group>";
		};
/* End PBXGroup section */

/* Begin PBXNativeTarget section */
		BDAC287C25F5CC6D0047DFF8 /* C.R.C */ = {
			isa = PBXNativeTarget;
			buildConfigurationList = BDAC289125F5CC6E0047DFF8 /* Build configuration list for PBXNativeTarget "C.R.C" */;
			buildPhases = (
				BDAC287925F5CC6D0047DFF8 /* Sources */,
				BDAC287A25F5CC6D0047DFF8 /* Frameworks */,
				BDAC287B25F5CC6D0047DFF8 /* Resources */,
			);
			buildRules = (
			);
			dependencies = (
			);
			name = C.R.C;
			packageProductDependencies = (
				BD31652A26041EC400A26612 /* Alamofire */,
			);
			productName = C.R.C;
			productReference = BDAC287D25F5CC6D0047DFF8 /* C.R.C.app */;
			productType = "com.apple.product-type.application";
		};
/* End PBXNativeTarget section */

/* Begin PBXProject section */
		BDAC287525F5CC6D0047DFF8 /* Project object */ = {
			isa = PBXProject;
			attributes = {
				LastSwiftUpdateCheck = 1240;
				LastUpgradeCheck = 1240;
				TargetAttributes = {
					BDAC287C25F5CC6D0047DFF8 = {
						CreatedOnToolsVersion = 12.4;
					};
				};
			};
			buildConfigurationList = BDAC287825F5CC6D0047DFF8 /* Build configuration list for PBXProject "C.R.C" */;
			compatibilityVersion = "Xcode 9.3";
			developmentRegion = en;
			hasScannedForEncodings = 0;
			knownRegions = (
				en,
				Base,
			);
			mainGroup = BDAC287425F5CC6D0047DFF8;
			packageReferences = (
				BD31652926041EC400A26612 /* XCRemoteSwiftPackageReference "Alamofire" */,
			);
			productRefGroup = BDAC287E25F5CC6D0047DFF8 /* Products */;
			projectDirPath = "";
			projectRoot = "";
			targets = (
				BDAC287C25F5CC6D0047DFF8 /* C.R.C */,
			);
		};
/* End PBXProject section */

/* Begin PBXResourcesBuildPhase section */
		BDAC287B25F5CC6D0047DFF8 /* Resources */ = {
			isa = PBXResourcesBuildPhase;
			buildActionMask = 2147483647;
			files = (
				BDAC288D25F5CC6E0047DFF8 /* LaunchScreen.storyboard in Resources */,
				BDAC288A25F5CC6E0047DFF8 /* Assets.xcassets in Resources */,
				BDAC288825F5CC6D0047DFF8 /* Main.storyboard in Resources */,
			);
			runOnlyForDeploymentPostprocessing = 0;
		};
/* End PBXResourcesBuildPhase section */

/* Begin PBXSourcesBuildPhase section */
		BDAC287925F5CC6D0047DFF8 /* Sources */ = {
			isa = PBXSourcesBuildPhase;
			buildActionMask = 2147483647;
			files = (
				BDAC288525F5CC6D0047DFF8 /* ViewController.swift in Sources */,
				BDAC288125F5CC6D0047DFF8 /* AppDelegate.swift in Sources */,
				BDAC288325F5CC6D0047DFF8 /* SceneDelegate.swift in Sources */,
				BD51BFD5261695BD00AB4534 /* CRCModel.swift in Sources */,
			);
			runOnlyForDeploymentPostprocessing = 0;
		};
/* End PBXSourcesBuildPhase section */

/* Begin PBXVariantGroup section */
		BDAC288625F5CC6D0047DFF8 /* Main.storyboard */ = {
			isa = PBXVariantGroup;
			children = (
				BDAC288725F5CC6D0047DFF8 /* Base */,
			);
			name = Main.storyboard;
			sourceTree = "<group>";
		};
		BDAC288B25F5CC6E0047DFF8 /* LaunchScreen.storyboard */ = {
			isa = PBXVariantGroup;
			children = (
				BDAC288C25F5CC6E0047DFF8 /* Base */,
			);
			name = LaunchScreen.storyboard;
			sourceTree = "<group>";
		};
/* End PBXVariantGroup section */

/* Begin XCBuildConfiguration section */
		BDAC288F25F5CC6E0047DFF8 /* Debug */ = {
			isa = XCBuildConfiguration;
			buildSettings = {
				ALWAYS_SEARCH_USER_PATHS = NO;
				CLANG_ANALYZER_NONNULL = YES;
				CLANG_ANALYZER_NUMBER_OBJECT_CONVERSION = YES_AGGRESSIVE;
				CLANG_CXX_LANGUAGE_STANDARD = "gnu++14";
				CLANG_CXX_LIBRARY = "libc++";
				CLANG_ENABLE_MODULES = YES;
				CLANG_ENABLE_OBJC_ARC = YES;
				CLANG_ENABLE_OBJC_WEAK = YES;
				CLANG_WARN_BLOCK_CAPTURE_AUTORELEASING = YES;
				CLANG_WARN_BOOL_CONVERSION = YES;
				CLANG_WARN_COMMA = YES;
				CLANG_WARN_CONSTANT_CONVERSION = YES;
				CLANG_WARN_DEPRECATED_OBJC_IMPLEMENTATIONS = YES;
				CLANG_WARN_DIRECT_OBJC_ISA_USAGE = YES_ERROR;
				CLANG_WARN_DOCUMENTATION_COMMENTS = YES;
				CLANG_WARN_EMPTY_BODY = YES;
				CLANG_WARN_ENUM_CONVERSION = YES;
				CLANG_WARN_INFINITE_RECURSION = YES;
				CLANG_WARN_INT_CONVERSION = YES;
				CLANG_WARN_NON_LITERAL_NULL_CONVERSION = YES;
				CLANG_WARN_OBJC_IMPLICIT_RETAIN_SELF = YES;
				CLANG_WARN_OBJC_LITERAL_CONVERSION = YES;
				CLANG_WARN_OBJC_ROOT_CLASS = YES_ERROR;
				CLANG_WARN_QUOTED_INCLUDE_IN_FRAMEWORK_HEADER = YES;
				CLANG_WARN_RANGE_LOOP_ANALYSIS = YES;
				CLANG_WARN_STRICT_PROTOTYPES = YES;
				CLANG_WARN_SUSPICIOUS_MOVE = YES;
				CLANG_WARN_UNGUARDED_AVAILABILITY = YES_AGGRESSIVE;
				CLANG_WARN_UNREACHABLE_CODE = YES;
				CLANG_WARN__DUPLICATE_METHOD_MATCH = YES;
				COPY_PHASE_STRIP = NO;
				DEBUG_INFORMATION_FORMAT = dwarf;
				ENABLE_STRICT_OBJC_MSGSEND = YES;
				ENABLE_TESTABILITY = YES;
				GCC_C_LANGUAGE_STANDARD = gnu11;
				GCC_DYNAMIC_NO_PIC = NO;
				GCC_NO_COMMON_BLOCKS = YES;
				GCC_OPTIMIZATION_LEVEL = 0;
				GCC_PREPROCESSOR_DEFINITIONS = (
					"DEBUG=1",
					"$(inherited)",
				);
				GCC_WARN_64_TO_32_BIT_CONVERSION = YES;
				GCC_WARN_ABOUT_RETURN_TYPE = YES_ERROR;
				GCC_WARN_UNDECLARED_SELECTOR = YES;
				GCC_WARN_UNINITIALIZED_AUTOS = YES_AGGRESSIVE;
				GCC_WARN_UNUSED_FUNCTION = YES;
				GCC_WARN_UNUSED_VARIABLE = YES;
				IPHONEOS_DEPLOYMENT_TARGET = 14.4;
				MTL_ENABLE_DEBUG_INFO = INCLUDE_SOURCE;
				MTL_FAST_MATH = YES;
				ONLY_ACTIVE_ARCH = YES;
				SDKROOT = iphoneos;
				SWIFT_ACTIVE_COMPILATION_CONDITIONS = DEBUG;
				SWIFT_OPTIMIZATION_LEVEL = "-Onone";
			};
			name = Debug;
		};
		BDAC289025F5CC6E0047DFF8 /* Release */ = {
			isa = XCBuildConfiguration;
			buildSettings = {
				ALWAYS_SEARCH_USER_PATHS = NO;
				CLANG_ANALYZER_NONNULL = YES;
				CLANG_ANALYZER_NUMBER_OBJECT_CONVERSION = YES_AGGRESSIVE;
				CLANG_CXX_LANGUAGE_STANDARD = "gnu++14";
				CLANG_CXX_LIBRARY = "libc++";
				CLANG_ENABLE_MODULES = YES;
				CLANG_ENABLE_OBJC_ARC = YES;
				CLANG_ENABLE_OBJC_WEAK = YES;
				CLANG_WARN_BLOCK_CAPTURE_AUTORELEASING = YES;
				CLANG_WARN_BOOL_CONVERSION = YES;
				CLANG_WARN_COMMA = YES;
				CLANG_WARN_CONSTANT_CONVERSION = YES;
				CLANG_WARN_DEPRECATED_OBJC_IMPLEMENTATIONS = YES;
				CLANG_WARN_DIRECT_OBJC_ISA_USAGE = YES_ERROR;
				CLANG_WARN_DOCUMENTATION_COMMENTS = YES;
				CLANG_WARN_EMPTY_BODY = YES;
				CLANG_WARN_ENUM_CONVERSION = YES;
				CLANG_WARN_INFINITE_RECURSION = YES;
				CLANG_WARN_INT_CONVERSION = YES;
				CLANG_WARN_NON_LITERAL_NULL_CONVERSION = YES;
				CLANG_WARN_OBJC_IMPLICIT_RETAIN_SELF = YES;
				CLANG_WARN_OBJC_LITERAL_CONVERSION = YES;
				CLANG_WARN_OBJC_ROOT_CLASS = YES_ERROR;
				CLANG_WARN_QUOTED_INCLUDE_IN_FRAMEWORK_HEADER = YES;
				CLANG_WARN_RANGE_LOOP_ANALYSIS = YES;
				CLANG_WARN_STRICT_PROTOTYPES = YES;
				CLANG_WARN_SUSPICIOUS_MOVE = YES;
				CLANG_WARN_UNGUARDED_AVAILABILITY = YES_AGGRESSIVE;
				CLANG_WARN_UNREACHABLE_CODE = YES;
				CLANG_WARN__DUPLICATE_METHOD_MATCH = YES;
				COPY_PHASE_STRIP = NO;
				DEBUG_INFORMATION_FORMAT = "dwarf-with-dsym";
				ENABLE_NS_ASSERTIONS = NO;
				ENABLE_STRICT_OBJC_MSGSEND = YES;
				GCC_C_LANGUAGE_STANDARD = gnu11;
				GCC_NO_COMMON_BLOCKS = YES;
				GCC_WARN_64_TO_32_BIT_CONVERSION = YES;
				GCC_WARN_ABOUT_RETURN_TYPE = YES_ERROR;
				GCC_WARN_UNDECLARED_SELECTOR = YES;
				GCC_WARN_UNINITIALIZED_AUTOS = YES_AGGRESSIVE;
				GCC_WARN_UNUSED_FUNCTION = YES;
				GCC_WARN_UNUSED_VARIABLE = YES;
				IPHONEOS_DEPLOYMENT_TARGET = 14.4;
				MTL_ENABLE_DEBUG_INFO = NO;
				MTL_FAST_MATH = YES;
				SDKROOT = iphoneos;
				SWIFT_COMPILATION_MODE = wholemodule;
				SWIFT_OPTIMIZATION_LEVEL = "-O";
				VALIDATE_PRODUCT = YES;
			};
			name = Release;
		};
		BDAC289225F5CC6E0047DFF8 /* Debug */ = {
			isa = XCBuildConfiguration;
			buildSettings = {
				ASSETCATALOG_COMPILER_APPICON_NAME = AppIcon;
				ASSETCATALOG_COMPILER_GLOBAL_ACCENT_COLOR_NAME = AccentColor;
				CODE_SIGN_STYLE = Automatic;
				INFOPLIST_FILE = C.R.C/Info.plist;
				LD_RUNPATH_SEARCH_PATHS = (
					"$(inherited)",
					"@executable_path/Frameworks",
				);
				PRODUCT_BUNDLE_IDENTIFIER = "com.yourcompany.C-R-C";
				PRODUCT_NAME = "$(TARGET_NAME)";
				SWIFT_VERSION = 5.0;
				TARGETED_DEVICE_FAMILY = "1,2";
			};
			name = Debug;
		};
		BDAC289325F5CC6E0047DFF8 /* Release */ = {
			isa = XCBuildConfiguration;
			buildSettings = {
				ASSETCATALOG_COMPILER_APPICON_NAME = AppIcon;
				ASSETCATALOG_COMPILER_GLOBAL_ACCENT_COLOR_NAME = AccentColor;
				CODE_SIGN_STYLE = Automatic;
				INFOPLIST_FILE = C.R.C/Info.plist;
				LD_RUNPATH_SEARCH_PATHS = (
					"$(inherited)",
					"@executable_path/Frameworks",
				);
				PRODUCT_BUNDLE_IDENTIFIER = "com.yourcompany.C-R-C";
				PRODUCT_NAME = "$(TARGET_NAME)";
				SWIFT_VERSION = 5.0;
				TARGETED_DEVICE_FAMILY = "1,2";
			};
			name = Release;
		};
/* End XCBuildConfiguration section */

/* Begin XCConfigurationList section */
		BDAC287825F5CC6D0047DFF8 /* Build configuration list for PBXProject "C.R.C" */ = {
			isa = XCConfigurationList;
			buildConfigurations = (
				BDAC288F25F5CC6E0047DFF8 /* Debug */,
				BDAC289025F5CC6E0047DFF8 /* Release */,
			);
			defaultConfigurationIsVisible = 0;
			defaultConfigurationName = Release;
		};
		BDAC289125F5CC6E0047DFF8 /* Build configuration list for PBXNativeTarget "C.R.C" */ = {
			isa = XCConfigurationList;
			buildConfigurations = (
				BDAC289225F5CC6E0047DFF8 /* Debug */,
				BDAC289325F5CC6E0047DFF8 /* Release */,
			);
			defaultConfigurationIsVisible = 0;
			defaultConfigurationName = Release;
		};
/* End XCConfigurationList section */

/* Begin XCRemoteSwiftPackageReference section */
		BD31652926041EC400A26612 /* XCRemoteSwiftPackageReference "Alamofire" */ = {
			isa = XCRemoteSwiftPackageReference;
			repositoryURL = "https://github.com/Alamofire/Alamofire";
			requirement = {
				kind = upToNextMajorVersion;
				minimumVersion = 5.4.1;
			};
		};
/* End XCRemoteSwiftPackageReference section */

/* Begin XCSwiftPackageProductDependency section */
		BD31652A26041EC400A26612 /* Alamofire */ = {
			isa = XCSwiftPackageProductDependency;
			package = BD31652926041EC400A26612 /* XCRemoteSwiftPackageReference "Alamofire" */;
			productName = Alamofire;
		};
/* End XCSwiftPackageProductDependency section */
	};
	rootObject = BDAC287525F5CC6D0047DFF8 /* Project object */;
}
